
Microsoft Visual Studio Solution File, Format Version 12.00
# Visual Studio Version 16
VisualStudioVersion = 16.0.29503.13
MinimumVisualStudioVersion = 10.0.40219.1
Project("{9A19103F-16F7-4668-BE54-9A1E7A4F7556}") = "PRTG.Api", "PRTG Api\PRTG.Api.csproj", "{6EFA5126-F13A-44D9-A39C-1E0DC68C119A}"
EndProject
Project("{9A19103F-16F7-4668-BE54-9A1E7A4F7556}") = "WebApp", "WebApp\WebApp.csproj", "{A400DA49-B929-40AF-A164-8151BBF0D9E5}"
EndProject
Project("{9A19103F-16F7-4668-BE54-9A1E7A4F7556}") = "WebApi", "src\WebApi\WebApi.csproj", "{C102B8A4-4450-4CD9-8573-D834AC4CFD34}"
EndProject
Global
	GlobalSection(SolutionConfigurationPlatforms) = preSolution
		Dev|Any CPU = Dev|Any CPU
		Prod|Any CPU = Prod|Any CPU
		Qa|Any CPU = Qa|Any CPU
	EndGlobalSection
	GlobalSection(ProjectConfigurationPlatforms) = postSolution
		{6EFA5126-F13A-44D9-A39C-1E0DC68C119A}.Dev|Any CPU.ActiveCfg = Debug|Any CPU
		{6EFA5126-F13A-44D9-A39C-1E0DC68C119A}.Dev|Any CPU.Build.0 = Debug|Any CPU
		{6EFA5126-F13A-44D9-A39C-1E0DC68C119A}.Prod|Any CPU.ActiveCfg = Prod|Any CPU
		{6EFA5126-F13A-44D9-A39C-1E0DC68C119A}.Prod|Any CPU.Build.0 = Prod|Any CPU
		{6EFA5126-F13A-44D9-A39C-1E0DC68C119A}.Qa|Any CPU.ActiveCfg = Release|Any CPU
		{6EFA5126-F13A-44D9-A39C-1E0DC68C119A}.Qa|Any CPU.Build.0 = Release|Any CPU
		{A400DA49-B929-40AF-A164-8151BBF0D9E5}.Dev|Any CPU.ActiveCfg = Debug|Any CPU
		{A400DA49-B929-40AF-A164-8151BBF0D9E5}.Dev|Any CPU.Build.0 = Debug|Any CPU
		{A400DA49-B929-40AF-A164-8151BBF0D9E5}.Prod|Any CPU.ActiveCfg = Prod|Any CPU
		{A400DA49-B929-40AF-A164-8151BBF0D9E5}.Prod|Any CPU.Build.0 = Prod|Any CPU
		{A400DA49-B929-40AF-A164-8151BBF0D9E5}.Qa|Any CPU.ActiveCfg = Release|Any CPU
		{A400DA49-B929-40AF-A164-8151BBF0D9E5}.Qa|Any CPU.Build.0 = Release|Any CPU
		{C102B8A4-4450-4CD9-8573-D834AC4CFD34}.Dev|Any CPU.ActiveCfg = Debug|Any CPU
		{C102B8A4-4450-4CD9-8573-D834AC4CFD34}.Dev|Any CPU.Build.0 = Debug|Any CPU
		{C102B8A4-4450-4CD9-8573-D834AC4CFD34}.Prod|Any CPU.ActiveCfg = Prod|Any CPU
		{C102B8A4-4450-4CD9-8573-D834AC4CFD34}.Prod|Any CPU.Build.0 = Prod|Any CPU
		{C102B8A4-4450-4CD9-8573-D834AC4CFD34}.Qa|Any CPU.ActiveCfg = Release|Any CPU
		{C102B8A4-4450-4CD9-8573-D834AC4CFD34}.Qa|Any CPU.Build.0 = Release|Any CPU
	EndGlobalSection
	GlobalSection(SolutionProperties) = preSolution
		HideSolutionNode = FALSE
	EndGlobalSection
	GlobalSection(ExtensibilityGlobals) = postSolution
		SolutionGuid = {BD42DDE6-26DA-4B6D-B3DB-B0332E1A2E51}
	EndGlobalSection
EndGlobal
