
Microsoft Visual Studio Solution File, Format Version 12.00
# Visual Studio Version 16
VisualStudioVersion = 16.0.29503.13
MinimumVisualStudioVersion = 10.0.40219.1
Project("{9A19103F-16F7-4668-BE54-9A1E7A4F7556}") = "PRTG.Api", "PRTG Api\PRTG.Api.csproj", "{6EFA5126-F13A-44D9-A39C-1E0DC68C119A}"
EndProject
Project("{FAE04EC0-301F-11D3-BF4B-00C04F79EFBC}") = "WebApp", "WebApp\WebApp.csproj", "{A400DA49-B929-40AF-A164-8151BBF0D9E5}"
EndProject
Global
	GlobalSection(SolutionConfigurationPlatforms) = preSolution
		Debug|Any CPU = Debug|Any CPU
		Release|Any CPU = Release|Any CPU
	EndGlobalSection
	GlobalSection(ProjectConfigurationPlatforms) = postSolution
		{6EFA5126-F13A-44D9-A39C-1E0DC68C119A}.Debug|Any CPU.ActiveCfg = Debug|Any CPU
		{6EFA5126-F13A-44D9-A39C-1E0DC68C119A}.Debug|Any CPU.Build.0 = Debug|Any CPU
		{6EFA5126-F13A-44D9-A39C-1E0DC68C119A}.Release|Any CPU.ActiveCfg = Release|Any CPU
		{6EFA5126-F13A-44D9-A39C-1E0DC68C119A}.Release|Any CPU.Build.0 = Release|Any CPU
		{A400DA49-B929-40AF-A164-8151BBF0D9E5}.Debug|Any CPU.ActiveCfg = Debug|Any CPU
		{A400DA49-B929-40AF-A164-8151BBF0D9E5}.Debug|Any CPU.Build.0 = Debug|Any CPU
		{A400DA49-B929-40AF-A164-8151BBF0D9E5}.Release|Any CPU.ActiveCfg = Release|Any CPU
		{A400DA49-B929-40AF-A164-8151BBF0D9E5}.Release|Any CPU.Build.0 = Release|Any CPU
	EndGlobalSection
	GlobalSection(SolutionProperties) = preSolution
		HideSolutionNode = FALSE
	EndGlobalSection
	GlobalSection(ExtensibilityGlobals) = postSolution
		SolutionGuid = {BD42DDE6-26DA-4B6D-B3DB-B0332E1A2E51}
	EndGlobalSection
EndGlobal
